// !$*UTF8*$!
{
	archiveVersion = 1;
	classes = {
	};
	objectVersion = 77;
	objects = {

/* Begin PBXContainerItemProxy section */
		75E7CCF22CB07B85008BF717 /* PBXContainerItemProxy */ = {
			isa = PBXContainerItemProxy;
			containerPortal = 75E7CCD02CB07B84008BF717 /* Project object */;
			proxyType = 1;
			remoteGlobalIDString = 75E7CCD72CB07B84008BF717;
			remoteInfo = SuperiorVoiceFYP;
		};
		75E7CCFC2CB07B85008BF717 /* PBXContainerItemProxy */ = {
			isa = PBXContainerItemProxy;
			containerPortal = 75E7CCD02CB07B84008BF717 /* Project object */;
			proxyType = 1;
			remoteGlobalIDString = 75E7CCD72CB07B84008BF717;
			remoteInfo = SuperiorVoiceFYP;
		};
/* End PBXContainerItemProxy section */

/* Begin PBXFileReference section */
		75E7CCD82CB07B84008BF717 /* SuperiorVoiceFYP.app */ = {isa = PBXFileReference; explicitFileType = wrapper.application; includeInIndex = 0; path = SuperiorVoiceFYP.app; sourceTree = BUILT_PRODUCTS_DIR; };
		75E7CCF12CB07B85008BF717 /* SuperiorVoiceFYPTests.xctest */ = {isa = PBXFileReference; explicitFileType = wrapper.cfbundle; includeInIndex = 0; path = SuperiorVoiceFYPTests.xctest; sourceTree = BUILT_PRODUCTS_DIR; };
		75E7CCFB2CB07B85008BF717 /* SuperiorVoiceFYPUITests.xctest */ = {isa = PBXFileReference; explicitFileType = wrapper.cfbundle; includeInIndex = 0; path = SuperiorVoiceFYPUITests.xctest; sourceTree = BUILT_PRODUCTS_DIR; };
/* End PBXFileReference section */

/* Begin PBXFileSystemSynchronizedBuildFileExceptionSet section */
		75977F872CC58F9A00BC992C /* Exceptions for "SuperiorVoiceFYP" folder in "SuperiorVoiceFYP" target */ = {
			isa = PBXFileSystemSynchronizedBuildFileExceptionSet;
			membershipExceptions = (
				Info.plist,
			);
			target = 75E7CCD72CB07B84008BF717 /* SuperiorVoiceFYP */;
		};
/* End PBXFileSystemSynchronizedBuildFileExceptionSet section */

/* Begin PBXFileSystemSynchronizedRootGroup section */
		75E7CCDA2CB07B84008BF717 /* SuperiorVoiceFYP */ = {
			isa = PBXFileSystemSynchronizedRootGroup;
			exceptions = (
				75977F872CC58F9A00BC992C /* Exceptions for "SuperiorVoiceFYP" folder in "SuperiorVoiceFYP" target */,
			);
			path = SuperiorVoiceFYP;
			sourceTree = "<group>";
		};
		75E7CCF42CB07B85008BF717 /* SuperiorVoiceFYPTests */ = {
			isa = PBXFileSystemSynchronizedRootGroup;
			path = SuperiorVoiceFYPTests;
			sourceTree = "<group>";
		};
		75E7CCFE2CB07B85008BF717 /* SuperiorVoiceFYPUITests */ = {
			isa = PBXFileSystemSynchronizedRootGroup;
			path = SuperiorVoiceFYPUITests;
			sourceTree = "<group>";
		};
/* End PBXFileSystemSynchronizedRootGroup section */

/* Begin PBXFrameworksBuildPhase section */
		75E7CCD52CB07B84008BF717 /* Frameworks */ = {
			isa = PBXFrameworksBuildPhase;
			buildActionMask = 2147483647;
			files = (
			);
			runOnlyForDeploymentPostprocessing = 0;
		};
		75E7CCEE2CB07B85008BF717 /* Frameworks */ = {
			isa = PBXFrameworksBuildPhase;
			buildActionMask = 2147483647;
			files = (
			);
			runOnlyForDeploymentPostprocessing = 0;
		};
		75E7CCF82CB07B85008BF717 /* Frameworks */ = {
			isa = PBXFrameworksBuildPhase;
			buildActionMask = 2147483647;
			files = (
			);
			runOnlyForDeploymentPostprocessing = 0;
		};
/* End PBXFrameworksBuildPhase section */

/* Begin PBXGroup section */
		75E7CCCF2CB07B84008BF717 = {
			isa = PBXGroup;
			children = (
				75E7CCDA2CB07B84008BF717 /* SuperiorVoiceFYP */,
				75E7CCF42CB07B85008BF717 /* SuperiorVoiceFYPTests */,
				75E7CCFE2CB07B85008BF717 /* SuperiorVoiceFYPUITests */,
				75E7CCD92CB07B84008BF717 /* Products */,
			);
			sourceTree = "<group>";
		};
		75E7CCD92CB07B84008BF717 /* Products */ = {
			isa = PBXGroup;
			children = (
				75E7CCD82CB07B84008BF717 /* SuperiorVoiceFYP.app */,
				75E7CCF12CB07B85008BF717 /* SuperiorVoiceFYPTests.xctest */,
				75E7CCFB2CB07B85008BF717 /* SuperiorVoiceFYPUITests.xctest */,
			);
			name = Products;
			sourceTree = "<group>";
		};
/* End PBXGroup section */

/* Begin PBXNativeTarget section */
		75E7CCD72CB07B84008BF717 /* SuperiorVoiceFYP */ = {
			isa = PBXNativeTarget;
			buildConfigurationList = 75E7CD042CB07B86008BF717 /* Build configuration list for PBXNativeTarget "SuperiorVoiceFYP" */;
			buildPhases = (
				75E7CCD42CB07B84008BF717 /* Sources */,
				75E7CCD52CB07B84008BF717 /* Frameworks */,
				75E7CCD62CB07B84008BF717 /* Resources */,
			);
			buildRules = (
			);
			dependencies = (
			);
			fileSystemSynchronizedGroups = (
				75E7CCDA2CB07B84008BF717 /* SuperiorVoiceFYP */,
			);
			name = SuperiorVoiceFYP;
			packageProductDependencies = (
			);
			productName = SuperiorVoiceFYP;
			productReference = 75E7CCD82CB07B84008BF717 /* SuperiorVoiceFYP.app */;
			productType = "com.apple.product-type.application";
		};
		75E7CCF02CB07B85008BF717 /* SuperiorVoiceFYPTests */ = {
			isa = PBXNativeTarget;
			buildConfigurationList = 75E7CD092CB07B86008BF717 /* Build configuration list for PBXNativeTarget "SuperiorVoiceFYPTests" */;
			buildPhases = (
				75E7CCED2CB07B85008BF717 /* Sources */,
				75E7CCEE2CB07B85008BF717 /* Frameworks */,
				75E7CCEF2CB07B85008BF717 /* Resources */,
			);
			buildRules = (
			);
			dependencies = (
				75E7CCF32CB07B85008BF717 /* PBXTargetDependency */,
			);
			fileSystemSynchronizedGroups = (
				75E7CCF42CB07B85008BF717 /* SuperiorVoiceFYPTests */,
			);
			name = SuperiorVoiceFYPTests;
			packageProductDependencies = (
			);
			productName = SuperiorVoiceFYPTests;
			productReference = 75E7CCF12CB07B85008BF717 /* SuperiorVoiceFYPTests.xctest */;
			productType = "com.apple.product-type.bundle.unit-test";
		};
		75E7CCFA2CB07B85008BF717 /* SuperiorVoiceFYPUITests */ = {
			isa = PBXNativeTarget;
			buildConfigurationList = 75E7CD0C2CB07B86008BF717 /* Build configuration list for PBXNativeTarget "SuperiorVoiceFYPUITests" */;
			buildPhases = (
				75E7CCF72CB07B85008BF717 /* Sources */,
				75E7CCF82CB07B85008BF717 /* Frameworks */,
				75E7CCF92CB07B85008BF717 /* Resources */,
			);
			buildRules = (
			);
			dependencies = (
				75E7CCFD2CB07B85008BF717 /* PBXTargetDependency */,
			);
			fileSystemSynchronizedGroups = (
				75E7CCFE2CB07B85008BF717 /* SuperiorVoiceFYPUITests */,
			);
			name = SuperiorVoiceFYPUITests;
			packageProductDependencies = (
			);
			productName = SuperiorVoiceFYPUITests;
			productReference = 75E7CCFB2CB07B85008BF717 /* SuperiorVoiceFYPUITests.xctest */;
			productType = "com.apple.product-type.bundle.ui-testing";
		};
/* End PBXNativeTarget section */

/* Begin PBXProject section */
		75E7CCD02CB07B84008BF717 /* Project object */ = {
			isa = PBXProject;
			attributes = {
				BuildIndependentTargetsInParallel = 1;
				LastSwiftUpdateCheck = 1600;
				LastUpgradeCheck = 1600;
				TargetAttributes = {
					75E7CCD72CB07B84008BF717 = {
						CreatedOnToolsVersion = 16.0;
					};
					75E7CCF02CB07B85008BF717 = {
						CreatedOnToolsVersion = 16.0;
						TestTargetID = 75E7CCD72CB07B84008BF717;
					};
					75E7CCFA2CB07B85008BF717 = {
						CreatedOnToolsVersion = 16.0;
						TestTargetID = 75E7CCD72CB07B84008BF717;
					};
				};
			};
			buildConfigurationList = 75E7CCD32CB07B84008BF717 /* Build configuration list for PBXProject "SuperiorVoiceFYP" */;
			developmentRegion = en;
			hasScannedForEncodings = 0;
			knownRegions = (
				en,
				Base,
			);
			mainGroup = 75E7CCCF2CB07B84008BF717;
			minimizedProjectReferenceProxies = 1;
			preferredProjectObjectVersion = 77;
			productRefGroup = 75E7CCD92CB07B84008BF717 /* Products */;
			projectDirPath = "";
			projectRoot = "";
			targets = (
				75E7CCD72CB07B84008BF717 /* SuperiorVoiceFYP */,
				75E7CCF02CB07B85008BF717 /* SuperiorVoiceFYPTests */,
				75E7CCFA2CB07B85008BF717 /* SuperiorVoiceFYPUITests */,
			);
		};
/* End PBXProject section */

/* Begin PBXResourcesBuildPhase section */
		75E7CCD62CB07B84008BF717 /* Resources */ = {
			isa = PBXResourcesBuildPhase;
			buildActionMask = 2147483647;
			files = (
			);
			runOnlyForDeploymentPostprocessing = 0;
		};
		75E7CCEF2CB07B85008BF717 /* Resources */ = {
			isa = PBXResourcesBuildPhase;
			buildActionMask = 2147483647;
			files = (
			);
			runOnlyForDeploymentPostprocessing = 0;
		};
		75E7CCF92CB07B85008BF717 /* Resources */ = {
			isa = PBXResourcesBuildPhase;
			buildActionMask = 2147483647;
			files = (
			);
			runOnlyForDeploymentPostprocessing = 0;
		};
/* End PBXResourcesBuildPhase section */

/* Begin PBXSourcesBuildPhase section */
		75E7CCD42CB07B84008BF717 /* Sources */ = {
			isa = PBXSourcesBuildPhase;
			buildActionMask = 2147483647;
			files = (
			);
			runOnlyForDeploymentPostprocessing = 0;
		};
		75E7CCED2CB07B85008BF717 /* Sources */ = {
			isa = PBXSourcesBuildPhase;
			buildActionMask = 2147483647;
			files = (
			);
			runOnlyForDeploymentPostprocessing = 0;
		};
		75E7CCF72CB07B85008BF717 /* Sources */ = {
			isa = PBXSourcesBuildPhase;
			buildActionMask = 2147483647;
			files = (
			);
			runOnlyForDeploymentPostprocessing = 0;
		};
/* End PBXSourcesBuildPhase section */

/* Begin PBXTargetDependency section */
		75E7CCF32CB07B85008BF717 /* PBXTargetDependency */ = {
			isa = PBXTargetDependency;
			target = 75E7CCD72CB07B84008BF717 /* SuperiorVoiceFYP */;
			targetProxy = 75E7CCF22CB07B85008BF717 /* PBXContainerItemProxy */;
		};
		75E7CCFD2CB07B85008BF717 /* PBXTargetDependency */ = {
			isa = PBXTargetDependency;
			target = 75E7CCD72CB07B84008BF717 /* SuperiorVoiceFYP */;
			targetProxy = 75E7CCFC2CB07B85008BF717 /* PBXContainerItemProxy */;
		};
/* End PBXTargetDependency section */

/* Begin XCBuildConfiguration section */
		75E7CD052CB07B86008BF717 /* Debug */ = {
			isa = XCBuildConfiguration;
			buildSettings = {
				ASSETCATALOG_COMPILER_APPICON_NAME = AppIcon;
				ASSETCATALOG_COMPILER_GLOBAL_ACCENT_COLOR_NAME = AccentColor;
				CODE_SIGN_STYLE = Automatic;
				CURRENT_PROJECT_VERSION = 1;
				GENERATE_INFOPLIST_FILE = YES;
				INFOPLIST_FILE = SuperiorVoiceFYP/Info.plist;
				INFOPLIST_KEY_UIApplicationSupportsIndirectInputEvents = YES;
				INFOPLIST_KEY_UILaunchStoryboardName = LaunchScreen;
				INFOPLIST_KEY_UIMainStoryboardFile = Main;
				INFOPLIST_KEY_UISupportedInterfaceOrientations_iPad = "UIInterfaceOrientationPortrait UIInterfaceOrientationPortraitUpsideDown UIInterfaceOrientationLandscapeLeft UIInterfaceOrientationLandscapeRight";
				INFOPLIST_KEY_UISupportedInterfaceOrientations_iPhone = "UIInterfaceOrientationPortrait UIInterfaceOrientationLandscapeLeft UIInterfaceOrientationLandscapeRight";
				LD_RUNPATH_SEARCH_PATHS = (
					"$(inherited)",
					"@executable_path/Frameworks",
				);
				MARKETING_VERSION = 1.0;
				PRODUCT_BUNDLE_IDENTIFIER = com.mraza.SuperiorVoiceFYP;
				PRODUCT_NAME = "$(TARGET_NAME)";
				SWIFT_EMIT_LOC_STRINGS = YES;
				SWIFT_VERSION = 5.0;
				TARGETED_DEVICE_FAMILY = "1,2";
			};
			name = Debug;
		};
		75E7CD062CB07B86008BF717 /* Release */ = {
			isa = XCBuildConfiguration;
			buildSettings = {
				ASSETCATALOG_COMPILER_APPICON_NAME = AppIcon;
				ASSETCATALOG_COMPILER_GLOBAL_ACCENT_COLOR_NAME = AccentColor;
				CODE_SIGN_STYLE = Automatic;
				CURRENT_PROJECT_VERSION = 1;
				GENERATE_INFOPLIST_FILE = YES;
				INFOPLIST_FILE = SuperiorVoiceFYP/Info.plist;
				INFOPLIST_KEY_UIApplicationSupportsIndirectInputEvents = YES;
				INFOPLIST_KEY_UILaunchStoryboardName = LaunchScreen;
				INFOPLIST_KEY_UIMainStoryboardFile = Main;
				INFOPLIST_KEY_UISupportedInterfaceOrientations_iPad = "UIInterfaceOrientationPortrait UIInterfaceOrientationPortraitUpsideDown UIInterfaceOrientationLandscapeLeft UIInterfaceOrientationLandscapeRight";
				INFOPLIST_KEY_UISupportedInterfaceOrientations_iPhone = "UIInterfaceOrientationPortrait UIInterfaceOrientationLandscapeLeft UIInterfaceOrientationLandscapeRight";
				LD_RUNPATH_SEARCH_PATHS = (
					"$(inherited)",
					"@executable_path/Frameworks",
				);
				MARKETING_VERSION = 1.0;
				PRODUCT_BUNDLE_IDENTIFIER = com.mraza.SuperiorVoiceFYP;
				PRODUCT_NAME = "$(TARGET_NAME)";
				SWIFT_EMIT_LOC_STRINGS = YES;
				SWIFT_VERSION = 5.0;
				TARGETED_DEVICE_FAMILY = "1,2";
			};
			name = Release;
		};
		75E7CD072CB07B86008BF717 /* Debug */ = {
			isa = XCBuildConfiguration;
			buildSettings = {
				ALWAYS_SEARCH_USER_PATHS = NO;
				ASSETCATALOG_COMPILER_GENERATE_SWIFT_ASSET_SYMBOL_EXTENSIONS = YES;
				CLANG_ANALYZER_NONNULL = YES;
				CLANG_ANALYZER_NUMBER_OBJECT_CONVERSION = YES_AGGRESSIVE;
				CLANG_CXX_LANGUAGE_STANDARD = "gnu++20";
				CLANG_ENABLE_MODULES = YES;
				CLANG_ENABLE_OBJC_ARC = YES;
				CLANG_ENABLE_OBJC_WEAK = YES;
				CLANG_WARN_BLOCK_CAPTURE_AUTORELEASING = YES;
				CLANG_WARN_BOOL_CONVERSION = YES;
				CLANG_WARN_COMMA = YES;
				CLANG_WARN_CONSTANT_CONVERSION = YES;
				CLANG_WARN_DEPRECATED_OBJC_IMPLEMENTATIONS = YES;
				CLANG_WARN_DIRECT_OBJC_ISA_USAGE = YES_ERROR;
				CLANG_WARN_DOCUMENTATION_COMMENTS = YES;
				CLANG_WARN_EMPTY_BODY = YES;
				CLANG_WARN_ENUM_CONVERSION = YES;
				CLANG_WARN_INFINITE_RECURSION = YES;
				CLANG_WARN_INT_CONVERSION = YES;
				CLANG_WARN_NON_LITERAL_NULL_CONVERSION = YES;
				CLANG_WARN_OBJC_IMPLICIT_RETAIN_SELF = YES;
				CLANG_WARN_OBJC_LITERAL_CONVERSION = YES;
				CLANG_WARN_OBJC_ROOT_CLASS = YES_ERROR;
				CLANG_WARN_QUOTED_INCLUDE_IN_FRAMEWORK_HEADER = YES;
				CLANG_WARN_RANGE_LOOP_ANALYSIS = YES;
				CLANG_WARN_STRICT_PROTOTYPES = YES;
				CLANG_WARN_SUSPICIOUS_MOVE = YES;
				CLANG_WARN_UNGUARDED_AVAILABILITY = YES_AGGRESSIVE;
				CLANG_WARN_UNREACHABLE_CODE = YES;
				CLANG_WARN__DUPLICATE_METHOD_MATCH = YES;
				COPY_PHASE_STRIP = NO;
				DEBUG_INFORMATION_FORMAT = dwarf;
				ENABLE_STRICT_OBJC_MSGSEND = YES;
				ENABLE_TESTABILITY = YES;
				ENABLE_USER_SCRIPT_SANDBOXING = YES;
				GCC_C_LANGUAGE_STANDARD = gnu17;
				GCC_DYNAMIC_NO_PIC = NO;
				GCC_NO_COMMON_BLOCKS = YES;
				GCC_OPTIMIZATION_LEVEL = 0;
				GCC_PREPROCESSOR_DEFINITIONS = (
					"DEBUG=1",
					"$(inherited)",
				);
				GCC_WARN_64_TO_32_BIT_CONVERSION = YES;
				GCC_WARN_ABOUT_RETURN_TYPE = YES_ERROR;
				GCC_WARN_UNDECLARED_SELECTOR = YES;
				GCC_WARN_UNINITIALIZED_AUTOS = YES_AGGRESSIVE;
				GCC_WARN_UNUSED_FUNCTION = YES;
				GCC_WARN_UNUSED_VARIABLE = YES;
				IPHONEOS_DEPLOYMENT_TARGET = 18.0;
				LOCALIZATION_PREFERS_STRING_CATALOGS = YES;
				MTL_ENABLE_DEBUG_INFO = INCLUDE_SOURCE;
				MTL_FAST_MATH = YES;
				ONLY_ACTIVE_ARCH = YES;
				SDKROOT = iphoneos;
				SWIFT_ACTIVE_COMPILATION_CONDITIONS = "DEBUG $(inherited)";
				SWIFT_OPTIMIZATION_LEVEL = "-Onone";
			};
			name = Debug;
		};
		75E7CD082CB07B86008BF717 /* Release */ = {
			isa = XCBuildConfiguration;
			buildSettings = {
				ALWAYS_SEARCH_USER_PATHS = NO;
				ASSETCATALOG_COMPILER_GENERATE_SWIFT_ASSET_SYMBOL_EXTENSIONS = YES;
				CLANG_ANALYZER_NONNULL = YES;
				CLANG_ANALYZER_NUMBER_OBJECT_CONVERSION = YES_AGGRESSIVE;
				CLANG_CXX_LANGUAGE_STANDARD = "gnu++20";
				CLANG_ENABLE_MODULES = YES;
				CLANG_ENABLE_OBJC_ARC = YES;
				CLANG_ENABLE_OBJC_WEAK = YES;
				CLANG_WARN_BLOCK_CAPTURE_AUTORELEASING = YES;
				CLANG_WARN_BOOL_CONVERSION = YES;
				CLANG_WARN_COMMA = YES;
				CLANG_WARN_CONSTANT_CONVERSION = YES;
				CLANG_WARN_DEPRECATED_OBJC_IMPLEMENTATIONS = YES;
				CLANG_WARN_DIRECT_OBJC_ISA_USAGE = YES_ERROR;
				CLANG_WARN_DOCUMENTATION_COMMENTS = YES;
				CLANG_WARN_EMPTY_BODY = YES;
				CLANG_WARN_ENUM_CONVERSION = YES;
				CLANG_WARN_INFINITE_RECURSION = YES;
				CLANG_WARN_INT_CONVERSION = YES;
				CLANG_WARN_NON_LITERAL_NULL_CONVERSION = YES;
				CLANG_WARN_OBJC_IMPLICIT_RETAIN_SELF = YES;
				CLANG_WARN_OBJC_LITERAL_CONVERSION = YES;
				CLANG_WARN_OBJC_ROOT_CLASS = YES_ERROR;
				CLANG_WARN_QUOTED_INCLUDE_IN_FRAMEWORK_HEADER = YES;
				CLANG_WARN_RANGE_LOOP_ANALYSIS = YES;
				CLANG_WARN_STRICT_PROTOTYPES = YES;
				CLANG_WARN_SUSPICIOUS_MOVE = YES;
				CLANG_WARN_UNGUARDED_AVAILABILITY = YES_AGGRESSIVE;
				CLANG_WARN_UNREACHABLE_CODE = YES;
				CLANG_WARN__DUPLICATE_METHOD_MATCH = YES;
				COPY_PHASE_STRIP = NO;
				DEBUG_INFORMATION_FORMAT = "dwarf-with-dsym";
				ENABLE_NS_ASSERTIONS = NO;
				ENABLE_STRICT_OBJC_MSGSEND = YES;
				ENABLE_USER_SCRIPT_SANDBOXING = YES;
				GCC_C_LANGUAGE_STANDARD = gnu17;
				GCC_NO_COMMON_BLOCKS = YES;
				GCC_WARN_64_TO_32_BIT_CONVERSION = YES;
				GCC_WARN_ABOUT_RETURN_TYPE = YES_ERROR;
				GCC_WARN_UNDECLARED_SELECTOR = YES;
				GCC_WARN_UNINITIALIZED_AUTOS = YES_AGGRESSIVE;
				GCC_WARN_UNUSED_FUNCTION = YES;
				GCC_WARN_UNUSED_VARIABLE = YES;
				IPHONEOS_DEPLOYMENT_TARGET = 18.0;
				LOCALIZATION_PREFERS_STRING_CATALOGS = YES;
				MTL_ENABLE_DEBUG_INFO = NO;
				MTL_FAST_MATH = YES;
				SDKROOT = iphoneos;
				SWIFT_COMPILATION_MODE = wholemodule;
				VALIDATE_PRODUCT = YES;
			};
			name = Release;
		};
		75E7CD0A2CB07B86008BF717 /* Debug */ = {
			isa = XCBuildConfiguration;
			buildSettings = {
				BUNDLE_LOADER = "$(TEST_HOST)";
				CODE_SIGN_STYLE = Automatic;
				CURRENT_PROJECT_VERSION = 1;
				GENERATE_INFOPLIST_FILE = YES;
				IPHONEOS_DEPLOYMENT_TARGET = 18.0;
				MARKETING_VERSION = 1.0;
				PRODUCT_BUNDLE_IDENTIFIER = com.mraza.SuperiorVoiceFYPTests;
				PRODUCT_NAME = "$(TARGET_NAME)";
				SWIFT_EMIT_LOC_STRINGS = NO;
				SWIFT_VERSION = 5.0;
				TARGETED_DEVICE_FAMILY = "1,2";
				TEST_HOST = "$(BUILT_PRODUCTS_DIR)/SuperiorVoiceFYP.app/$(BUNDLE_EXECUTABLE_FOLDER_PATH)/SuperiorVoiceFYP";
			};
			name = Debug;
		};
		75E7CD0B2CB07B86008BF717 /* Release */ = {
			isa = XCBuildConfiguration;
			buildSettings = {
				BUNDLE_LOADER = "$(TEST_HOST)";
				CODE_SIGN_STYLE = Automatic;
				CURRENT_PROJECT_VERSION = 1;
				GENERATE_INFOPLIST_FILE = YES;
				IPHONEOS_DEPLOYMENT_TARGET = 18.0;
				MARKETING_VERSION = 1.0;
				PRODUCT_BUNDLE_IDENTIFIER = com.mraza.SuperiorVoiceFYPTests;
				PRODUCT_NAME = "$(TARGET_NAME)";
				SWIFT_EMIT_LOC_STRINGS = NO;
				SWIFT_VERSION = 5.0;
				TARGETED_DEVICE_FAMILY = "1,2";
				TEST_HOST = "$(BUILT_PRODUCTS_DIR)/SuperiorVoiceFYP.app/$(BUNDLE_EXECUTABLE_FOLDER_PATH)/SuperiorVoiceFYP";
			};
			name = Release;
		};
		75E7CD0D2CB07B86008BF717 /* Debug */ = {
			isa = XCBuildConfiguration;
			buildSettings = {
				CODE_SIGN_STYLE = Automatic;
				CURRENT_PROJECT_VERSION = 1;
				GENERATE_INFOPLIST_FILE = YES;
				MARKETING_VERSION = 1.0;
				PRODUCT_BUNDLE_IDENTIFIER = com.mraza.SuperiorVoiceFYPUITests;
				PRODUCT_NAME = "$(TARGET_NAME)";
				SWIFT_EMIT_LOC_STRINGS = NO;
				SWIFT_VERSION = 5.0;
				TARGETED_DEVICE_FAMILY = "1,2";
				TEST_TARGET_NAME = SuperiorVoiceFYP;
			};
			name = Debug;
		};
		75E7CD0E2CB07B86008BF717 /* Release */ = {
			isa = XCBuildConfiguration;
			buildSettings = {
				CODE_SIGN_STYLE = Automatic;
				CURRENT_PROJECT_VERSION = 1;
				GENERATE_INFOPLIST_FILE = YES;
				MARKETING_VERSION = 1.0;
				PRODUCT_BUNDLE_IDENTIFIER = com.mraza.SuperiorVoiceFYPUITests;
				PRODUCT_NAME = "$(TARGET_NAME)";
				SWIFT_EMIT_LOC_STRINGS = NO;
				SWIFT_VERSION = 5.0;
				TARGETED_DEVICE_FAMILY = "1,2";
				TEST_TARGET_NAME = SuperiorVoiceFYP;
			};
			name = Release;
		};
/* End XCBuildConfiguration section */

/* Begin XCConfigurationList section */
		75E7CCD32CB07B84008BF717 /* Build configuration list for PBXProject "SuperiorVoiceFYP" */ = {
			isa = XCConfigurationList;
			buildConfigurations = (
				75E7CD072CB07B86008BF717 /* Debug */,
				75E7CD082CB07B86008BF717 /* Release */,
			);
			defaultConfigurationIsVisible = 0;
			defaultConfigurationName = Release;
		};
		75E7CD042CB07B86008BF717 /* Build configuration list for PBXNativeTarget "SuperiorVoiceFYP" */ = {
			isa = XCConfigurationList;
			buildConfigurations = (
				75E7CD052CB07B86008BF717 /* Debug */,
				75E7CD062CB07B86008BF717 /* Release */,
			);
			defaultConfigurationIsVisible = 0;
			defaultConfigurationName = Release;
		};
		75E7CD092CB07B86008BF717 /* Build configuration list for PBXNativeTarget "SuperiorVoiceFYPTests" */ = {
			isa = XCConfigurationList;
			buildConfigurations = (
				75E7CD0A2CB07B86008BF717 /* Debug */,
				75E7CD0B2CB07B86008BF717 /* Release */,
			);
			defaultConfigurationIsVisible = 0;
			defaultConfigurationName = Release;
		};
		75E7CD0C2CB07B86008BF717 /* Build configuration list for PBXNativeTarget "SuperiorVoiceFYPUITests" */ = {
			isa = XCConfigurationList;
			buildConfigurations = (
				75E7CD0D2CB07B86008BF717 /* Debug */,
				75E7CD0E2CB07B86008BF717 /* Release */,
			);
			defaultConfigurationIsVisible = 0;
			defaultConfigurationName = Release;
		};
/* End XCConfigurationList section */
	};
	rootObject = 75E7CCD02CB07B84008BF717 /* Project object */;
}
